
Microsoft Visual Studio Solution File, Format Version 12.00
# Visual Studio Version 16
VisualStudioVersion = 16.0.30225.117
MinimumVisualStudioVersion = 10.0.40219.1
Project("{FAE04EC0-301F-11D3-BF4B-00C04F79EFBC}") = "BookEcommerce", "BookEcommerce\BookEcommerce.csproj", "{1494BF9E-3639-468C-9156-ADB76098C6DD}"
EndProject
Project("{FAE04EC0-301F-11D3-BF4B-00C04F79EFBC}") = "BookEcommerce.Data", "BookEcommerce.Data\BookEcommerce.Data.csproj", "{CC7F829B-AADA-4E95-9A83-395BD3C4F730}"
EndProject
Project("{FAE04EC0-301F-11D3-BF4B-00C04F79EFBC}") = "BookEcommerce.Services", "BookEcommerce.Services\BookEcommerce.Services.csproj", "{060C5A74-E4DB-4FC4-9542-D8ECFF7522C5}"
EndProject
Global
	GlobalSection(SolutionConfigurationPlatforms) = preSolution
		Debug|Any CPU = Debug|Any CPU
		Release|Any CPU = Release|Any CPU
	EndGlobalSection
	GlobalSection(ProjectConfigurationPlatforms) = postSolution
		{1494BF9E-3639-468C-9156-ADB76098C6DD}.Debug|Any CPU.ActiveCfg = Debug|Any CPU
		{1494BF9E-3639-468C-9156-ADB76098C6DD}.Debug|Any CPU.Build.0 = Debug|Any CPU
		{1494BF9E-3639-468C-9156-ADB76098C6DD}.Release|Any CPU.ActiveCfg = Release|Any CPU
		{1494BF9E-3639-468C-9156-ADB76098C6DD}.Release|Any CPU.Build.0 = Release|Any CPU
		{CC7F829B-AADA-4E95-9A83-395BD3C4F730}.Debug|Any CPU.ActiveCfg = Debug|Any CPU
		{CC7F829B-AADA-4E95-9A83-395BD3C4F730}.Debug|Any CPU.Build.0 = Debug|Any CPU
		{CC7F829B-AADA-4E95-9A83-395BD3C4F730}.Release|Any CPU.ActiveCfg = Release|Any CPU
		{CC7F829B-AADA-4E95-9A83-395BD3C4F730}.Release|Any CPU.Build.0 = Release|Any CPU
		{060C5A74-E4DB-4FC4-9542-D8ECFF7522C5}.Debug|Any CPU.ActiveCfg = Debug|Any CPU
		{060C5A74-E4DB-4FC4-9542-D8ECFF7522C5}.Debug|Any CPU.Build.0 = Debug|Any CPU
		{060C5A74-E4DB-4FC4-9542-D8ECFF7522C5}.Release|Any CPU.ActiveCfg = Release|Any CPU
		{060C5A74-E4DB-4FC4-9542-D8ECFF7522C5}.Release|Any CPU.Build.0 = Release|Any CPU
	EndGlobalSection
	GlobalSection(SolutionProperties) = preSolution
		HideSolutionNode = FALSE
	EndGlobalSection
	GlobalSection(ExtensibilityGlobals) = postSolution
		SolutionGuid = {8B5AC128-85B9-40F0-A051-A1A36AAFF400}
	EndGlobalSection
EndGlobal
